{
  "pins" : [
    {
      "identity" : "exyteactivityindicator",
      "kind" : "remoteSourceControl",
      "location" : "https://github.com/InspireDevStdio/ExyteActivityIndicator",
      "state" : {
        "revision" : "86d8f8321fd9f844a6667dd5832648d2c864ac0d",
        "version" : "1.0.0"
      }
    },
    {
      "identity" : "exyteanchoredpopup",
      "kind" : "remoteSourceControl",
      "location" : "https://github.com/InspireDevStdio/ExyteAnchoredPopup.git",
      "state" : {
        "revision" : "fb473055132149fcb4304de747f6faad3d76e5d7",
        "version" : "1.0.2"
      }
    },
    {
      "identity" : "exytechat",
      "kind" : "remoteSourceControl",
      "location" : "https://github.com/InspireDevStdio/ExyteChat.git",
      "state" : {
        "revision" : "1c79c9b58e24c39ae4548945b780e4fefae00842",
        "version" : "1.1.1"
      }
    },
    {
      "identity" : "exytemediapicker",
      "kind" : "remoteSourceControl",
      "location" : "https://github.com/InspireDevStdio/ExyteMediaPicker",
      "state" : {
        "revision" : "657245fa40a99df7f0c861128cdf175c79a29ce2",
        "version" : "1.0.2"
      }
    },
    {
      "identity" : "giphy-ios-sdk",
      "kind" : "remoteSourceControl",
      "location" : "https://github.com/Giphy/giphy-ios-sdk",
      "state" : {
        "revision" : "37f5b1ff6cf8bc4a78c0bc5eb1b814381bac9580",
        "version" : "2.2.16"
      }
    },
    {
      "identity" : "kingfisher",
      "kind" : "remoteSourceControl",
      "location" : "https://github.com/onevcat/Kingfisher",
      "state" : {
        "revision" : "cf8be20d07654570554c8a8a4952bc8a5766a8b0",
        "version" : "8.9.0"
      }
    },
    {
      "identity" : "libwebp-xcode",
      "kind" : "remoteSourceControl",
      "location" : "https://github.com/SDWebImage/libwebp-Xcode",
      "state" : {
        "revision" : "0d60654eeefd5d7d2bef3835804892c40225e8b2",
        "version" : "1.5.0"
      }
    }
  ],
  "version" : 2
}
